
Microsoft Visual Studio Solution File, Format Version 12.00
# Visual Studio Version 17
VisualStudioVersion = 17.11.35222.181
MinimumVisualStudioVersion = 10.0.40219.1
Project("{FAE04EC0-301F-11D3-BF4B-00C04F79EFBC}") = "RescueSpacey", "RescueSpacey.csproj", "{B0960474-1A41-4DA9-8125-753E332C3F62}"
EndProject
Global
	GlobalSection(SolutionConfigurationPlatforms) = preSolution
		Debug|Any CPU = Debug|Any CPU
		Release|Any CPU = Release|Any CPU
	EndGlobalSection
	GlobalSection(ProjectConfigurationPlatforms) = postSolution
		{B0960474-1A41-4DA9-8125-753E332C3F62}.Debug|Any CPU.ActiveCfg = Debug|Any CPU
		{B0960474-1A41-4DA9-8125-753E332C3F62}.Debug|Any CPU.Build.0 = Debug|Any CPU
		{B0960474-1A41-4DA9-8125-753E332C3F62}.Release|Any CPU.ActiveCfg = Release|Any CPU
		{B0960474-1A41-4DA9-8125-753E332C3F62}.Release|Any CPU.Build.0 = Release|Any CPU
	EndGlobalSection
	GlobalSection(SolutionProperties) = preSolution
		HideSolutionNode = FALSE
	EndGlobalSection
	GlobalSection(ExtensibilityGlobals) = postSolution
		SolutionGuid = {4F557351-1E63-47E7-BCF1-137D9B96406B}
	EndGlobalSection
EndGlobal
